
Microsoft Visual Studio Solution File, Format Version 12.00
# Visual Studio Version 18
VisualStudioVersion = 18.4.11626.88 stable
MinimumVisualStudioVersion = 10.0.40219.1
Project("{FAE04EC0-301F-11D3-BF4B-00C04F79EFBC}") = "ExternalLoginAnd2FA.Web", "ExternalLoginAnd2FA.Web\ExternalLoginAnd2FA.Web.csproj", "{7E9546A2-923C-445D-A8AC-14DAB56D25C9}"
EndProject
Project("{FAE04EC0-301F-11D3-BF4B-00C04F79EFBC}") = "ExternalLoginAnd2FA.Infrastructure", "ExternalLoginAnd2FA.Infrastructure\ExternalLoginAnd2FA.Infrastructure.csproj", "{F98BA37D-F35D-4871-A1D5-81A95A6508AF}"
EndProject
Project("{FAE04EC0-301F-11D3-BF4B-00C04F79EFBC}") = "ExternalLoginAnd2FA.Application", "ExternalLoginAnd2FA.Application\ExternalLoginAnd2FA.Application.csproj", "{66684E33-CC9A-4B5E-AFCA-7A1A1E95C91F}"
EndProject
Project("{FAE04EC0-301F-11D3-BF4B-00C04F79EFBC}") = "ExternalLoginAnd2FA.Domain", "ExternalLoginAnd2FA.Domain\ExternalLoginAnd2FA.Domain.csproj", "{06848C81-B4F2-767B-CAA1-514248A49B1A}"
EndProject
Project("{2150E333-8FDC-42A3-9474-1A3956D46DE8}") = "TestResults", "TestResults", "{9895A7BE-0966-47C9-9119-2A837CC06451}"
EndProject
Project("{FAE04EC0-301F-11D3-BF4B-00C04F79EFBC}") = "ExternalLoginAnd2FA.Web.Tests", "ExternalLoginAnd2FA.Web.Tests\ExternalLoginAnd2FA.Web.Tests.csproj", "{504DD3E2-7207-42D8-A7CE-38CEEC396640}"
EndProject
Global
	GlobalSection(SolutionConfigurationPlatforms) = preSolution
		Debug|Any CPU = Debug|Any CPU
		Release|Any CPU = Release|Any CPU
	EndGlobalSection
	GlobalSection(ProjectConfigurationPlatforms) = postSolution
		{7E9546A2-923C-445D-A8AC-14DAB56D25C9}.Debug|Any CPU.ActiveCfg = Debug|Any CPU
		{7E9546A2-923C-445D-A8AC-14DAB56D25C9}.Debug|Any CPU.Build.0 = Debug|Any CPU
		{7E9546A2-923C-445D-A8AC-14DAB56D25C9}.Release|Any CPU.ActiveCfg = Release|Any CPU
		{7E9546A2-923C-445D-A8AC-14DAB56D25C9}.Release|Any CPU.Build.0 = Release|Any CPU
		{F98BA37D-F35D-4871-A1D5-81A95A6508AF}.Debug|Any CPU.ActiveCfg = Debug|Any CPU
		{F98BA37D-F35D-4871-A1D5-81A95A6508AF}.Debug|Any CPU.Build.0 = Debug|Any CPU
		{F98BA37D-F35D-4871-A1D5-81A95A6508AF}.Release|Any CPU.ActiveCfg = Release|Any CPU
		{F98BA37D-F35D-4871-A1D5-81A95A6508AF}.Release|Any CPU.Build.0 = Release|Any CPU
		{66684E33-CC9A-4B5E-AFCA-7A1A1E95C91F}.Debug|Any CPU.ActiveCfg = Debug|Any CPU
		{66684E33-CC9A-4B5E-AFCA-7A1A1E95C91F}.Debug|Any CPU.Build.0 = Debug|Any CPU
		{66684E33-CC9A-4B5E-AFCA-7A1A1E95C91F}.Release|Any CPU.ActiveCfg = Release|Any CPU
		{66684E33-CC9A-4B5E-AFCA-7A1A1E95C91F}.Release|Any CPU.Build.0 = Release|Any CPU
		{06848C81-B4F2-767B-CAA1-514248A49B1A}.Debug|Any CPU.ActiveCfg = Debug|Any CPU
		{06848C81-B4F2-767B-CAA1-514248A49B1A}.Debug|Any CPU.Build.0 = Debug|Any CPU
		{06848C81-B4F2-767B-CAA1-514248A49B1A}.Release|Any CPU.ActiveCfg = Release|Any CPU
		{06848C81-B4F2-767B-CAA1-514248A49B1A}.Release|Any CPU.Build.0 = Release|Any CPU
		{504DD3E2-7207-42D8-A7CE-38CEEC396640}.Debug|Any CPU.ActiveCfg = Debug|Any CPU
		{504DD3E2-7207-42D8-A7CE-38CEEC396640}.Debug|Any CPU.Build.0 = Debug|Any CPU
		{504DD3E2-7207-42D8-A7CE-38CEEC396640}.Release|Any CPU.ActiveCfg = Release|Any CPU
		{504DD3E2-7207-42D8-A7CE-38CEEC396640}.Release|Any CPU.Build.0 = Release|Any CPU
	EndGlobalSection
	GlobalSection(SolutionProperties) = preSolution
		HideSolutionNode = FALSE
	EndGlobalSection
	GlobalSection(NestedProjects) = preSolution
		{504DD3E2-7207-42D8-A7CE-38CEEC396640} = {9895A7BE-0966-47C9-9119-2A837CC06451}
	EndGlobalSection
	GlobalSection(ExtensibilityGlobals) = postSolution
		SolutionGuid = {57C4CF8B-2980-4206-890B-AE7D440F92C4}
	EndGlobalSection
EndGlobal
