
Microsoft Visual Studio Solution File, Format Version 12.00
# Visual Studio Version 17
VisualStudioVersion = 17.14.36518.9 d17.14
MinimumVisualStudioVersion = 10.0.40219.1
Project("{FAE04EC0-301F-11D3-BF4B-00C04F79EFBC}") = "ExternalLoginAnd2FA.Web", "ExternalLoginAnd2FA.Web\ExternalLoginAnd2FA.Web.csproj", "{7E9546A2-923C-445D-A8AC-14DAB56D25C9}"
EndProject
Project("{FAE04EC0-301F-11D3-BF4B-00C04F79EFBC}") = "ExternalLoginAnd2FA.Domain", "ExternalLoginAnd2FA.Domain\ExternalLoginAnd2FA.Domain.csproj", "{458987FC-EF85-4DF0-84D7-88A9F543DCAC}"
EndProject
Project("{FAE04EC0-301F-11D3-BF4B-00C04F79EFBC}") = "ExternalLoginAnd2FA.Infrastructure", "ExternalLoginAnd2FA.Infrastructure\ExternalLoginAnd2FA.Infrastructure.csproj", "{F98BA37D-F35D-4871-A1D5-81A95A6508AF}"
EndProject
Project("{FAE04EC0-301F-11D3-BF4B-00C04F79EFBC}") = "ExternalLoginAnd2FA.Application", "ExternalLoginAnd2FA.Application\ExternalLoginAnd2FA.Application.csproj", "{66684E33-CC9A-4B5E-AFCA-7A1A1E95C91F}"
EndProject
Global
	GlobalSection(SolutionConfigurationPlatforms) = preSolution
		Debug|Any CPU = Debug|Any CPU
		Release|Any CPU = Release|Any CPU
	EndGlobalSection
	GlobalSection(ProjectConfigurationPlatforms) = postSolution
		{7E9546A2-923C-445D-A8AC-14DAB56D25C9}.Debug|Any CPU.ActiveCfg = Debug|Any CPU
		{7E9546A2-923C-445D-A8AC-14DAB56D25C9}.Debug|Any CPU.Build.0 = Debug|Any CPU
		{7E9546A2-923C-445D-A8AC-14DAB56D25C9}.Release|Any CPU.ActiveCfg = Release|Any CPU
		{7E9546A2-923C-445D-A8AC-14DAB56D25C9}.Release|Any CPU.Build.0 = Release|Any CPU
		{458987FC-EF85-4DF0-84D7-88A9F543DCAC}.Debug|Any CPU.ActiveCfg = Debug|Any CPU
		{458987FC-EF85-4DF0-84D7-88A9F543DCAC}.Debug|Any CPU.Build.0 = Debug|Any CPU
		{458987FC-EF85-4DF0-84D7-88A9F543DCAC}.Release|Any CPU.ActiveCfg = Release|Any CPU
		{458987FC-EF85-4DF0-84D7-88A9F543DCAC}.Release|Any CPU.Build.0 = Release|Any CPU
		{F98BA37D-F35D-4871-A1D5-81A95A6508AF}.Debug|Any CPU.ActiveCfg = Debug|Any CPU
		{F98BA37D-F35D-4871-A1D5-81A95A6508AF}.Debug|Any CPU.Build.0 = Debug|Any CPU
		{F98BA37D-F35D-4871-A1D5-81A95A6508AF}.Release|Any CPU.ActiveCfg = Release|Any CPU
		{F98BA37D-F35D-4871-A1D5-81A95A6508AF}.Release|Any CPU.Build.0 = Release|Any CPU
		{66684E33-CC9A-4B5E-AFCA-7A1A1E95C91F}.Debug|Any CPU.ActiveCfg = Debug|Any CPU
		{66684E33-CC9A-4B5E-AFCA-7A1A1E95C91F}.Debug|Any CPU.Build.0 = Debug|Any CPU
		{66684E33-CC9A-4B5E-AFCA-7A1A1E95C91F}.Release|Any CPU.ActiveCfg = Release|Any CPU
		{66684E33-CC9A-4B5E-AFCA-7A1A1E95C91F}.Release|Any CPU.Build.0 = Release|Any CPU
	EndGlobalSection
	GlobalSection(SolutionProperties) = preSolution
		HideSolutionNode = FALSE
	EndGlobalSection
	GlobalSection(ExtensibilityGlobals) = postSolution
		SolutionGuid = {57C4CF8B-2980-4206-890B-AE7D440F92C4}
	EndGlobalSection
EndGlobal
